// !$*UTF8*$!
{
	archiveVersion = 1;
	classes = {
	};
	objectVersion = 56;
	objects = {

/* Begin PBXBuildFile section */
		F500644F29D6D26D00EB6BAA /* AppDelegate.swift in Sources */ = {isa = PBXBuildFile; fileRef = F500644E29D6D26D00EB6BAA /* AppDelegate.swift */; };
		F500645129D6D26D00EB6BAA /* SceneDelegate.swift in Sources */ = {isa = PBXBuildFile; fileRef = F500645029D6D26D00EB6BAA /* SceneDelegate.swift */; };
		F500645829D6D26E00EB6BAA /* Assets.xcassets in Resources */ = {isa = PBXBuildFile; fileRef = F500645729D6D26E00EB6BAA /* Assets.xcassets */; };
		F500645B29D6D26E00EB6BAA /* LaunchScreen.storyboard in Resources */ = {isa = PBXBuildFile; fileRef = F500645929D6D26E00EB6BAA /* LaunchScreen.storyboard */; };
		F500646629D6D26E00EB6BAA /* card_gymTests.swift in Sources */ = {isa = PBXBuildFile; fileRef = F500646529D6D26E00EB6BAA /* card_gymTests.swift */; };
		F500647029D6D26E00EB6BAA /* card_gymUITests.swift in Sources */ = {isa = PBXBuildFile; fileRef = F500646F29D6D26E00EB6BAA /* card_gymUITests.swift */; };
		F500647229D6D26E00EB6BAA /* card_gymUITestsLaunchTests.swift in Sources */ = {isa = PBXBuildFile; fileRef = F500647129D6D26E00EB6BAA /* card_gymUITestsLaunchTests.swift */; };
		F500647F29D6D2A700EB6BAA /* CardVC.swift in Sources */ = {isa = PBXBuildFile; fileRef = F500647E29D6D2A700EB6BAA /* CardVC.swift */; };
		F500648129D6D41400EB6BAA /* FirstScreenVC.swift in Sources */ = {isa = PBXBuildFile; fileRef = F500648029D6D41400EB6BAA /* FirstScreenVC.swift */; };
		F500648329D6D69700EB6BAA /* SecondScreen.swift in Sources */ = {isa = PBXBuildFile; fileRef = F500648229D6D69700EB6BAA /* SecondScreen.swift */; };
/* End PBXBuildFile section */

/* Begin PBXContainerItemProxy section */
		F500646229D6D26E00EB6BAA /* PBXContainerItemProxy */ = {
			isa = PBXContainerItemProxy;
			containerPortal = F500644329D6D26D00EB6BAA /* Project object */;
			proxyType = 1;
			remoteGlobalIDString = F500644A29D6D26D00EB6BAA;
			remoteInfo = "card-gym";
		};
		F500646C29D6D26E00EB6BAA /* PBXContainerItemProxy */ = {
			isa = PBXContainerItemProxy;
			containerPortal = F500644329D6D26D00EB6BAA /* Project object */;
			proxyType = 1;
			remoteGlobalIDString = F500644A29D6D26D00EB6BAA;
			remoteInfo = "card-gym";
		};
/* End PBXContainerItemProxy section */

/* Begin PBXFileReference section */
		F500644B29D6D26D00EB6BAA /* card-gym.app */ = {isa = PBXFileReference; explicitFileType = wrapper.application; includeInIndex = 0; path = "card-gym.app"; sourceTree = BUILT_PRODUCTS_DIR; };
		F500644E29D6D26D00EB6BAA /* AppDelegate.swift */ = {isa = PBXFileReference; lastKnownFileType = sourcecode.swift; path = AppDelegate.swift; sourceTree = "<group>"; };
		F500645029D6D26D00EB6BAA /* SceneDelegate.swift */ = {isa = PBXFileReference; lastKnownFileType = sourcecode.swift; path = SceneDelegate.swift; sourceTree = "<group>"; };
		F500645729D6D26E00EB6BAA /* Assets.xcassets */ = {isa = PBXFileReference; lastKnownFileType = folder.assetcatalog; path = Assets.xcassets; sourceTree = "<group>"; };
		F500645A29D6D26E00EB6BAA /* Base */ = {isa = PBXFileReference; lastKnownFileType = file.storyboard; name = Base; path = Base.lproj/LaunchScreen.storyboard; sourceTree = "<group>"; };
		F500645C29D6D26E00EB6BAA /* Info.plist */ = {isa = PBXFileReference; lastKnownFileType = text.plist.xml; path = Info.plist; sourceTree = "<group>"; };
		F500646129D6D26E00EB6BAA /* card-gymTests.xctest */ = {isa = PBXFileReference; explicitFileType = wrapper.cfbundle; includeInIndex = 0; path = "card-gymTests.xctest"; sourceTree = BUILT_PRODUCTS_DIR; };
		F500646529D6D26E00EB6BAA /* card_gymTests.swift */ = {isa = PBXFileReference; lastKnownFileType = sourcecode.swift; path = card_gymTests.swift; sourceTree = "<group>"; };
		F500646B29D6D26E00EB6BAA /* card-gymUITests.xctest */ = {isa = PBXFileReference; explicitFileType = wrapper.cfbundle; includeInIndex = 0; path = "card-gymUITests.xctest"; sourceTree = BUILT_PRODUCTS_DIR; };
		F500646F29D6D26E00EB6BAA /* card_gymUITests.swift */ = {isa = PBXFileReference; lastKnownFileType = sourcecode.swift; path = card_gymUITests.swift; sourceTree = "<group>"; };
		F500647129D6D26E00EB6BAA /* card_gymUITestsLaunchTests.swift */ = {isa = PBXFileReference; lastKnownFileType = sourcecode.swift; path = card_gymUITestsLaunchTests.swift; sourceTree = "<group>"; };
		F500647E29D6D2A700EB6BAA /* CardVC.swift */ = {isa = PBXFileReference; fileEncoding = 4; lastKnownFileType = sourcecode.swift; path = CardVC.swift; sourceTree = "<group>"; };
		F500648029D6D41400EB6BAA /* FirstScreenVC.swift */ = {isa = PBXFileReference; lastKnownFileType = sourcecode.swift; path = FirstScreenVC.swift; sourceTree = "<group>"; };
		F500648229D6D69700EB6BAA /* SecondScreen.swift */ = {isa = PBXFileReference; lastKnownFileType = sourcecode.swift; path = SecondScreen.swift; sourceTree = "<group>"; };
/* End PBXFileReference section */

/* Begin PBXFrameworksBuildPhase section */
		F500644829D6D26D00EB6BAA /* Frameworks */ = {
			isa = PBXFrameworksBuildPhase;
			buildActionMask = 2147483647;
			files = (
			);
			runOnlyForDeploymentPostprocessing = 0;
		};
		F500645E29D6D26E00EB6BAA /* Frameworks */ = {
			isa = PBXFrameworksBuildPhase;
			buildActionMask = 2147483647;
			files = (
			);
			runOnlyForDeploymentPostprocessing = 0;
		};
		F500646829D6D26E00EB6BAA /* Frameworks */ = {
			isa = PBXFrameworksBuildPhase;
			buildActionMask = 2147483647;
			files = (
			);
			runOnlyForDeploymentPostprocessing = 0;
		};
/* End PBXFrameworksBuildPhase section */

/* Begin PBXGroup section */
		F500644229D6D26D00EB6BAA = {
			isa = PBXGroup;
			children = (
				F500644D29D6D26D00EB6BAA /* card-gym */,
				F500646429D6D26E00EB6BAA /* card-gymTests */,
				F500646E29D6D26E00EB6BAA /* card-gymUITests */,
				F500644C29D6D26D00EB6BAA /* Products */,
			);
			sourceTree = "<group>";
		};
		F500644C29D6D26D00EB6BAA /* Products */ = {
			isa = PBXGroup;
			children = (
				F500644B29D6D26D00EB6BAA /* card-gym.app */,
				F500646129D6D26E00EB6BAA /* card-gymTests.xctest */,
				F500646B29D6D26E00EB6BAA /* card-gymUITests.xctest */,
			);
			name = Products;
			sourceTree = "<group>";
		};
		F500644D29D6D26D00EB6BAA /* card-gym */ = {
			isa = PBXGroup;
			children = (
				F500647E29D6D2A700EB6BAA /* CardVC.swift */,
				F500644E29D6D26D00EB6BAA /* AppDelegate.swift */,
				F500645029D6D26D00EB6BAA /* SceneDelegate.swift */,
				F500645729D6D26E00EB6BAA /* Assets.xcassets */,
				F500645929D6D26E00EB6BAA /* LaunchScreen.storyboard */,
				F500645C29D6D26E00EB6BAA /* Info.plist */,
				F500648029D6D41400EB6BAA /* FirstScreenVC.swift */,
				F500648229D6D69700EB6BAA /* SecondScreen.swift */,
			);
			path = "card-gym";
			sourceTree = "<group>";
		};
		F500646429D6D26E00EB6BAA /* card-gymTests */ = {
			isa = PBXGroup;
			children = (
				F500646529D6D26E00EB6BAA /* card_gymTests.swift */,
			);
			path = "card-gymTests";
			sourceTree = "<group>";
		};
		F500646E29D6D26E00EB6BAA /* card-gymUITests */ = {
			isa = PBXGroup;
			children = (
				F500646F29D6D26E00EB6BAA /* card_gymUITests.swift */,
				F500647129D6D26E00EB6BAA /* card_gymUITestsLaunchTests.swift */,
			);
			path = "card-gymUITests";
			sourceTree = "<group>";
		};
/* End PBXGroup section */

/* Begin PBXNativeTarget section */
		F500644A29D6D26D00EB6BAA /* card-gym */ = {
			isa = PBXNativeTarget;
			buildConfigurationList = F500647529D6D26E00EB6BAA /* Build configuration list for PBXNativeTarget "card-gym" */;
			buildPhases = (
				F500644729D6D26D00EB6BAA /* Sources */,
				F500644829D6D26D00EB6BAA /* Frameworks */,
				F500644929D6D26D00EB6BAA /* Resources */,
			);
			buildRules = (
			);
			dependencies = (
			);
			name = "card-gym";
			productName = "card-gym";
			productReference = F500644B29D6D26D00EB6BAA /* card-gym.app */;
			productType = "com.apple.product-type.application";
		};
		F500646029D6D26E00EB6BAA /* card-gymTests */ = {
			isa = PBXNativeTarget;
			buildConfigurationList = F500647829D6D26E00EB6BAA /* Build configuration list for PBXNativeTarget "card-gymTests" */;
			buildPhases = (
				F500645D29D6D26E00EB6BAA /* Sources */,
				F500645E29D6D26E00EB6BAA /* Frameworks */,
				F500645F29D6D26E00EB6BAA /* Resources */,
			);
			buildRules = (
			);
			dependencies = (
				F500646329D6D26E00EB6BAA /* PBXTargetDependency */,
			);
			name = "card-gymTests";
			productName = "card-gymTests";
			productReference = F500646129D6D26E00EB6BAA /* card-gymTests.xctest */;
			productType = "com.apple.product-type.bundle.unit-test";
		};
		F500646A29D6D26E00EB6BAA /* card-gymUITests */ = {
			isa = PBXNativeTarget;
			buildConfigurationList = F500647B29D6D26E00EB6BAA /* Build configuration list for PBXNativeTarget "card-gymUITests" */;
			buildPhases = (
				F500646729D6D26E00EB6BAA /* Sources */,
				F500646829D6D26E00EB6BAA /* Frameworks */,
				F500646929D6D26E00EB6BAA /* Resources */,
			);
			buildRules = (
			);
			dependencies = (
				F500646D29D6D26E00EB6BAA /* PBXTargetDependency */,
			);
			name = "card-gymUITests";
			productName = "card-gymUITests";
			productReference = F500646B29D6D26E00EB6BAA /* card-gymUITests.xctest */;
			productType = "com.apple.product-type.bundle.ui-testing";
		};
/* End PBXNativeTarget section */

/* Begin PBXProject section */
		F500644329D6D26D00EB6BAA /* Project object */ = {
			isa = PBXProject;
			attributes = {
				BuildIndependentTargetsInParallel = 1;
				LastSwiftUpdateCheck = 1420;
				LastUpgradeCheck = 1420;
				TargetAttributes = {
					F500644A29D6D26D00EB6BAA = {
						CreatedOnToolsVersion = 14.2;
					};
					F500646029D6D26E00EB6BAA = {
						CreatedOnToolsVersion = 14.2;
						TestTargetID = F500644A29D6D26D00EB6BAA;
					};
					F500646A29D6D26E00EB6BAA = {
						CreatedOnToolsVersion = 14.2;
						TestTargetID = F500644A29D6D26D00EB6BAA;
					};
				};
			};
			buildConfigurationList = F500644629D6D26D00EB6BAA /* Build configuration list for PBXProject "card-gym" */;
			compatibilityVersion = "Xcode 14.0";
			developmentRegion = en;
			hasScannedForEncodings = 0;
			knownRegions = (
				en,
				Base,
			);
			mainGroup = F500644229D6D26D00EB6BAA;
			productRefGroup = F500644C29D6D26D00EB6BAA /* Products */;
			projectDirPath = "";
			projectRoot = "";
			targets = (
				F500644A29D6D26D00EB6BAA /* card-gym */,
				F500646029D6D26E00EB6BAA /* card-gymTests */,
				F500646A29D6D26E00EB6BAA /* card-gymUITests */,
			);
		};
/* End PBXProject section */

/* Begin PBXResourcesBuildPhase section */
		F500644929D6D26D00EB6BAA /* Resources */ = {
			isa = PBXResourcesBuildPhase;
			buildActionMask = 2147483647;
			files = (
				F500645B29D6D26E00EB6BAA /* LaunchScreen.storyboard in Resources */,
				F500645829D6D26E00EB6BAA /* Assets.xcassets in Resources */,
			);
			runOnlyForDeploymentPostprocessing = 0;
		};
		F500645F29D6D26E00EB6BAA /* Resources */ = {
			isa = PBXResourcesBuildPhase;
			buildActionMask = 2147483647;
			files = (
			);
			runOnlyForDeploymentPostprocessing = 0;
		};
		F500646929D6D26E00EB6BAA /* Resources */ = {
			isa = PBXResourcesBuildPhase;
			buildActionMask = 2147483647;
			files = (
			);
			runOnlyForDeploymentPostprocessing = 0;
		};
/* End PBXResourcesBuildPhase section */

/* Begin PBXSourcesBuildPhase section */
		F500644729D6D26D00EB6BAA /* Sources */ = {
			isa = PBXSourcesBuildPhase;
			buildActionMask = 2147483647;
			files = (
				F500644F29D6D26D00EB6BAA /* AppDelegate.swift in Sources */,
				F500647F29D6D2A700EB6BAA /* CardVC.swift in Sources */,
				F500645129D6D26D00EB6BAA /* SceneDelegate.swift in Sources */,
				F500648129D6D41400EB6BAA /* FirstScreenVC.swift in Sources */,
				F500648329D6D69700EB6BAA /* SecondScreen.swift in Sources */,
			);
			runOnlyForDeploymentPostprocessing = 0;
		};
		F500645D29D6D26E00EB6BAA /* Sources */ = {
			isa = PBXSourcesBuildPhase;
			buildActionMask = 2147483647;
			files = (
				F500646629D6D26E00EB6BAA /* card_gymTests.swift in Sources */,
			);
			runOnlyForDeploymentPostprocessing = 0;
		};
		F500646729D6D26E00EB6BAA /* Sources */ = {
			isa = PBXSourcesBuildPhase;
			buildActionMask = 2147483647;
			files = (
				F500647229D6D26E00EB6BAA /* card_gymUITestsLaunchTests.swift in Sources */,
				F500647029D6D26E00EB6BAA /* card_gymUITests.swift in Sources */,
			);
			runOnlyForDeploymentPostprocessing = 0;
		};
/* End PBXSourcesBuildPhase section */

/* Begin PBXTargetDependency section */
		F500646329D6D26E00EB6BAA /* PBXTargetDependency */ = {
			isa = PBXTargetDependency;
			target = F500644A29D6D26D00EB6BAA /* card-gym */;
			targetProxy = F500646229D6D26E00EB6BAA /* PBXContainerItemProxy */;
		};
		F500646D29D6D26E00EB6BAA /* PBXTargetDependency */ = {
			isa = PBXTargetDependency;
			target = F500644A29D6D26D00EB6BAA /* card-gym */;
			targetProxy = F500646C29D6D26E00EB6BAA /* PBXContainerItemProxy */;
		};
/* End PBXTargetDependency section */

/* Begin PBXVariantGroup section */
		F500645929D6D26E00EB6BAA /* LaunchScreen.storyboard */ = {
			isa = PBXVariantGroup;
			children = (
				F500645A29D6D26E00EB6BAA /* Base */,
			);
			name = LaunchScreen.storyboard;
			sourceTree = "<group>";
		};
/* End PBXVariantGroup section */

/* Begin XCBuildConfiguration section */
		F500647329D6D26E00EB6BAA /* Debug */ = {
			isa = XCBuildConfiguration;
			buildSettings = {
				ALWAYS_SEARCH_USER_PATHS = NO;
				CLANG_ANALYZER_NONNULL = YES;
				CLANG_ANALYZER_NUMBER_OBJECT_CONVERSION = YES_AGGRESSIVE;
				CLANG_CXX_LANGUAGE_STANDARD = "gnu++20";
				CLANG_ENABLE_MODULES = YES;
				CLANG_ENABLE_OBJC_ARC = YES;
				CLANG_ENABLE_OBJC_WEAK = YES;
				CLANG_WARN_BLOCK_CAPTURE_AUTORELEASING = YES;
				CLANG_WARN_BOOL_CONVERSION = YES;
				CLANG_WARN_COMMA = YES;
				CLANG_WARN_CONSTANT_CONVERSION = YES;
				CLANG_WARN_DEPRECATED_OBJC_IMPLEMENTATIONS = YES;
				CLANG_WARN_DIRECT_OBJC_ISA_USAGE = YES_ERROR;
				CLANG_WARN_DOCUMENTATION_COMMENTS = YES;
				CLANG_WARN_EMPTY_BODY = YES;
				CLANG_WARN_ENUM_CONVERSION = YES;
				CLANG_WARN_INFINITE_RECURSION = YES;
				CLANG_WARN_INT_CONVERSION = YES;
				CLANG_WARN_NON_LITERAL_NULL_CONVERSION = YES;
				CLANG_WARN_OBJC_IMPLICIT_RETAIN_SELF = YES;
				CLANG_WARN_OBJC_LITERAL_CONVERSION = YES;
				CLANG_WARN_OBJC_ROOT_CLASS = YES_ERROR;
				CLANG_WARN_QUOTED_INCLUDE_IN_FRAMEWORK_HEADER = YES;
				CLANG_WARN_RANGE_LOOP_ANALYSIS = YES;
				CLANG_WARN_STRICT_PROTOTYPES = YES;
				CLANG_WARN_SUSPICIOUS_MOVE = YES;
				CLANG_WARN_UNGUARDED_AVAILABILITY = YES_AGGRESSIVE;
				CLANG_WARN_UNREACHABLE_CODE = YES;
				CLANG_WARN__DUPLICATE_METHOD_MATCH = YES;
				COPY_PHASE_STRIP = NO;
				DEBUG_INFORMATION_FORMAT = dwarf;
				ENABLE_STRICT_OBJC_MSGSEND = YES;
				ENABLE_TESTABILITY = YES;
				GCC_C_LANGUAGE_STANDARD = gnu11;
				GCC_DYNAMIC_NO_PIC = NO;
				GCC_NO_COMMON_BLOCKS = YES;
				GCC_OPTIMIZATION_LEVEL = 0;
				GCC_PREPROCESSOR_DEFINITIONS = (
					"DEBUG=1",
					"$(inherited)",
				);
				GCC_WARN_64_TO_32_BIT_CONVERSION = YES;
				GCC_WARN_ABOUT_RETURN_TYPE = YES_ERROR;
				GCC_WARN_UNDECLARED_SELECTOR = YES;
				GCC_WARN_UNINITIALIZED_AUTOS = YES_AGGRESSIVE;
				GCC_WARN_UNUSED_FUNCTION = YES;
				GCC_WARN_UNUSED_VARIABLE = YES;
				IPHONEOS_DEPLOYMENT_TARGET = 16.2;
				MTL_ENABLE_DEBUG_INFO = INCLUDE_SOURCE;
				MTL_FAST_MATH = YES;
				ONLY_ACTIVE_ARCH = YES;
				SDKROOT = iphoneos;
				SWIFT_ACTIVE_COMPILATION_CONDITIONS = DEBUG;
				SWIFT_OPTIMIZATION_LEVEL = "-Onone";
			};
			name = Debug;
		};
		F500647429D6D26E00EB6BAA /* Release */ = {
			isa = XCBuildConfiguration;
			buildSettings = {
				ALWAYS_SEARCH_USER_PATHS = NO;
				CLANG_ANALYZER_NONNULL = YES;
				CLANG_ANALYZER_NUMBER_OBJECT_CONVERSION = YES_AGGRESSIVE;
				CLANG_CXX_LANGUAGE_STANDARD = "gnu++20";
				CLANG_ENABLE_MODULES = YES;
				CLANG_ENABLE_OBJC_ARC = YES;
				CLANG_ENABLE_OBJC_WEAK = YES;
				CLANG_WARN_BLOCK_CAPTURE_AUTORELEASING = YES;
				CLANG_WARN_BOOL_CONVERSION = YES;
				CLANG_WARN_COMMA = YES;
				CLANG_WARN_CONSTANT_CONVERSION = YES;
				CLANG_WARN_DEPRECATED_OBJC_IMPLEMENTATIONS = YES;
				CLANG_WARN_DIRECT_OBJC_ISA_USAGE = YES_ERROR;
				CLANG_WARN_DOCUMENTATION_COMMENTS = YES;
				CLANG_WARN_EMPTY_BODY = YES;
				CLANG_WARN_ENUM_CONVERSION = YES;
				CLANG_WARN_INFINITE_RECURSION = YES;
				CLANG_WARN_INT_CONVERSION = YES;
				CLANG_WARN_NON_LITERAL_NULL_CONVERSION = YES;
				CLANG_WARN_OBJC_IMPLICIT_RETAIN_SELF = YES;
				CLANG_WARN_OBJC_LITERAL_CONVERSION = YES;
				CLANG_WARN_OBJC_ROOT_CLASS = YES_ERROR;
				CLANG_WARN_QUOTED_INCLUDE_IN_FRAMEWORK_HEADER = YES;
				CLANG_WARN_RANGE_LOOP_ANALYSIS = YES;
				CLANG_WARN_STRICT_PROTOTYPES = YES;
				CLANG_WARN_SUSPICIOUS_MOVE = YES;
				CLANG_WARN_UNGUARDED_AVAILABILITY = YES_AGGRESSIVE;
				CLANG_WARN_UNREACHABLE_CODE = YES;
				CLANG_WARN__DUPLICATE_METHOD_MATCH = YES;
				COPY_PHASE_STRIP = NO;
				DEBUG_INFORMATION_FORMAT = "dwarf-with-dsym";
				ENABLE_NS_ASSERTIONS = NO;
				ENABLE_STRICT_OBJC_MSGSEND = YES;
				GCC_C_LANGUAGE_STANDARD = gnu11;
				GCC_NO_COMMON_BLOCKS = YES;
				GCC_WARN_64_TO_32_BIT_CONVERSION = YES;
				GCC_WARN_ABOUT_RETURN_TYPE = YES_ERROR;
				GCC_WARN_UNDECLARED_SELECTOR = YES;
				GCC_WARN_UNINITIALIZED_AUTOS = YES_AGGRESSIVE;
				GCC_WARN_UNUSED_FUNCTION = YES;
				GCC_WARN_UNUSED_VARIABLE = YES;
				IPHONEOS_DEPLOYMENT_TARGET = 16.2;
				MTL_ENABLE_DEBUG_INFO = NO;
				MTL_FAST_MATH = YES;
				SDKROOT = iphoneos;
				SWIFT_COMPILATION_MODE = wholemodule;
				SWIFT_OPTIMIZATION_LEVEL = "-O";
				VALIDATE_PRODUCT = YES;
			};
			name = Release;
		};
		F500647629D6D26E00EB6BAA /* Debug */ = {
			isa = XCBuildConfiguration;
			buildSettings = {
				ASSETCATALOG_COMPILER_APPICON_NAME = AppIcon;
				ASSETCATALOG_COMPILER_GLOBAL_ACCENT_COLOR_NAME = AccentColor;
				CODE_SIGN_STYLE = Automatic;
				CURRENT_PROJECT_VERSION = 1;
				DEVELOPMENT_TEAM = TVBLHK9H45;
				GENERATE_INFOPLIST_FILE = YES;
				INFOPLIST_FILE = "card-gym/Info.plist";
				INFOPLIST_KEY_UIApplicationSupportsIndirectInputEvents = YES;
				INFOPLIST_KEY_UILaunchStoryboardName = LaunchScreen;
				INFOPLIST_KEY_UISupportedInterfaceOrientations_iPad = "UIInterfaceOrientationPortrait UIInterfaceOrientationPortraitUpsideDown UIInterfaceOrientationLandscapeLeft UIInterfaceOrientationLandscapeRight";
				INFOPLIST_KEY_UISupportedInterfaceOrientations_iPhone = "UIInterfaceOrientationPortrait UIInterfaceOrientationLandscapeLeft UIInterfaceOrientationLandscapeRight";
				LD_RUNPATH_SEARCH_PATHS = (
					"$(inherited)",
					"@executable_path/Frameworks",
				);
				MARKETING_VERSION = 1.0;
				PRODUCT_BUNDLE_IDENTIFIER = "duocvo.card-gym";
				PRODUCT_NAME = "$(TARGET_NAME)";
				SWIFT_EMIT_LOC_STRINGS = YES;
				SWIFT_VERSION = 5.0;
				TARGETED_DEVICE_FAMILY = "1,2";
			};
			name = Debug;
		};
		F500647729D6D26E00EB6BAA /* Release */ = {
			isa = XCBuildConfiguration;
			buildSettings = {
				ASSETCATALOG_COMPILER_APPICON_NAME = AppIcon;
				ASSETCATALOG_COMPILER_GLOBAL_ACCENT_COLOR_NAME = AccentColor;
				CODE_SIGN_STYLE = Automatic;
				CURRENT_PROJECT_VERSION = 1;
				DEVELOPMENT_TEAM = TVBLHK9H45;
				GENERATE_INFOPLIST_FILE = YES;
				INFOPLIST_FILE = "card-gym/Info.plist";
				INFOPLIST_KEY_UIApplicationSupportsIndirectInputEvents = YES;
				INFOPLIST_KEY_UILaunchStoryboardName = LaunchScreen;
				INFOPLIST_KEY_UISupportedInterfaceOrientations_iPad = "UIInterfaceOrientationPortrait UIInterfaceOrientationPortraitUpsideDown UIInterfaceOrientationLandscapeLeft UIInterfaceOrientationLandscapeRight";
				INFOPLIST_KEY_UISupportedInterfaceOrientations_iPhone = "UIInterfaceOrientationPortrait UIInterfaceOrientationLandscapeLeft UIInterfaceOrientationLandscapeRight";
				LD_RUNPATH_SEARCH_PATHS = (
					"$(inherited)",
					"@executable_path/Frameworks",
				);
				MARKETING_VERSION = 1.0;
				PRODUCT_BUNDLE_IDENTIFIER = "duocvo.card-gym";
				PRODUCT_NAME = "$(TARGET_NAME)";
				SWIFT_EMIT_LOC_STRINGS = YES;
				SWIFT_VERSION = 5.0;
				TARGETED_DEVICE_FAMILY = "1,2";
			};
			name = Release;
		};
		F500647929D6D26E00EB6BAA /* Debug */ = {
			isa = XCBuildConfiguration;
			buildSettings = {
				ALWAYS_EMBED_SWIFT_STANDARD_LIBRARIES = YES;
				BUNDLE_LOADER = "$(TEST_HOST)";
				CODE_SIGN_STYLE = Automatic;
				CURRENT_PROJECT_VERSION = 1;
				DEVELOPMENT_TEAM = TVBLHK9H45;
				GENERATE_INFOPLIST_FILE = YES;
				IPHONEOS_DEPLOYMENT_TARGET = 16.2;
				MARKETING_VERSION = 1.0;
				PRODUCT_BUNDLE_IDENTIFIER = "duocvo.card-gymTests";
				PRODUCT_NAME = "$(TARGET_NAME)";
				SWIFT_EMIT_LOC_STRINGS = NO;
				SWIFT_VERSION = 5.0;
				TARGETED_DEVICE_FAMILY = "1,2";
				TEST_HOST = "$(BUILT_PRODUCTS_DIR)/card-gym.app/$(BUNDLE_EXECUTABLE_FOLDER_PATH)/card-gym";
			};
			name = Debug;
		};
		F500647A29D6D26E00EB6BAA /* Release */ = {
			isa = XCBuildConfiguration;
			buildSettings = {
				ALWAYS_EMBED_SWIFT_STANDARD_LIBRARIES = YES;
				BUNDLE_LOADER = "$(TEST_HOST)";
				CODE_SIGN_STYLE = Automatic;
				CURRENT_PROJECT_VERSION = 1;
				DEVELOPMENT_TEAM = TVBLHK9H45;
				GENERATE_INFOPLIST_FILE = YES;
				IPHONEOS_DEPLOYMENT_TARGET = 16.2;
				MARKETING_VERSION = 1.0;
				PRODUCT_BUNDLE_IDENTIFIER = "duocvo.card-gymTests";
				PRODUCT_NAME = "$(TARGET_NAME)";
				SWIFT_EMIT_LOC_STRINGS = NO;
				SWIFT_VERSION = 5.0;
				TARGETED_DEVICE_FAMILY = "1,2";
				TEST_HOST = "$(BUILT_PRODUCTS_DIR)/card-gym.app/$(BUNDLE_EXECUTABLE_FOLDER_PATH)/card-gym";
			};
			name = Release;
		};
		F500647C29D6D26E00EB6BAA /* Debug */ = {
			isa = XCBuildConfiguration;
			buildSettings = {
				ALWAYS_EMBED_SWIFT_STANDARD_LIBRARIES = YES;
				CODE_SIGN_STYLE = Automatic;
				CURRENT_PROJECT_VERSION = 1;
				DEVELOPMENT_TEAM = TVBLHK9H45;
				GENERATE_INFOPLIST_FILE = YES;
				MARKETING_VERSION = 1.0;
				PRODUCT_BUNDLE_IDENTIFIER = "duocvo.card-gymUITests";
				PRODUCT_NAME = "$(TARGET_NAME)";
				SWIFT_EMIT_LOC_STRINGS = NO;
				SWIFT_VERSION = 5.0;
				TARGETED_DEVICE_FAMILY = "1,2";
				TEST_TARGET_NAME = "card-gym";
			};
			name = Debug;
		};
		F500647D29D6D26E00EB6BAA /* Release */ = {
			isa = XCBuildConfiguration;
			buildSettings = {
				ALWAYS_EMBED_SWIFT_STANDARD_LIBRARIES = YES;
				CODE_SIGN_STYLE = Automatic;
				CURRENT_PROJECT_VERSION = 1;
				DEVELOPMENT_TEAM = TVBLHK9H45;
				GENERATE_INFOPLIST_FILE = YES;
				MARKETING_VERSION = 1.0;
				PRODUCT_BUNDLE_IDENTIFIER = "duocvo.card-gymUITests";
				PRODUCT_NAME = "$(TARGET_NAME)";
				SWIFT_EMIT_LOC_STRINGS = NO;
				SWIFT_VERSION = 5.0;
				TARGETED_DEVICE_FAMILY = "1,2";
				TEST_TARGET_NAME = "card-gym";
			};
			name = Release;
		};
/* End XCBuildConfiguration section */

/* Begin XCConfigurationList section */
		F500644629D6D26D00EB6BAA /* Build configuration list for PBXProject "card-gym" */ = {
			isa = XCConfigurationList;
			buildConfigurations = (
				F500647329D6D26E00EB6BAA /* Debug */,
				F500647429D6D26E00EB6BAA /* Release */,
			);
			defaultConfigurationIsVisible = 0;
			defaultConfigurationName = Release;
		};
		F500647529D6D26E00EB6BAA /* Build configuration list for PBXNativeTarget "card-gym" */ = {
			isa = XCConfigurationList;
			buildConfigurations = (
				F500647629D6D26E00EB6BAA /* Debug */,
				F500647729D6D26E00EB6BAA /* Release */,
			);
			defaultConfigurationIsVisible = 0;
			defaultConfigurationName = Release;
		};
		F500647829D6D26E00EB6BAA /* Build configuration list for PBXNativeTarget "card-gymTests" */ = {
			isa = XCConfigurationList;
			buildConfigurations = (
				F500647929D6D26E00EB6BAA /* Debug */,
				F500647A29D6D26E00EB6BAA /* Release */,
			);
			defaultConfigurationIsVisible = 0;
			defaultConfigurationName = Release;
		};
		F500647B29D6D26E00EB6BAA /* Build configuration list for PBXNativeTarget "card-gymUITests" */ = {
			isa = XCConfigurationList;
			buildConfigurations = (
				F500647C29D6D26E00EB6BAA /* Debug */,
				F500647D29D6D26E00EB6BAA /* Release */,
			);
			defaultConfigurationIsVisible = 0;
			defaultConfigurationName = Release;
		};
/* End XCConfigurationList section */
	};
	rootObject = F500644329D6D26D00EB6BAA /* Project object */;
}
